PODS:
  - Ents (3.1.9)
  - KVCDerivates (2.4):
    - LKVCKit
    - RepresentationKit
  - LKVCKit (2.5):
    - Ents
  - RepresentationKit (2.6)

DEPENDENCIES:
  - Ents (from `https://github.com/AbZorbaGames/Ents.git`, tag `v3.1.9`)
  - KVCDerivates (from `../`)
  - LKVCKit (from `https://github.com/AbZorbaGames/LKVCKit.git`, tag `v2.5`)
  - RepresentationKit (from `https://github.com/AbZorbaGames/RepresentationKit.git`)

EXTERNAL SOURCES:
  Ents:
    :git: https://github.com/AbZorbaGames/Ents.git
    :tag: v3.1.9
  KVCDerivates:
    :path: "../"
  LKVCKit:
    :git: https://github.com/AbZorbaGames/LKVCKit.git
    :tag: v2.5
  RepresentationKit:
    :git: https://github.com/AbZorbaGames/RepresentationKit.git

CHECKOUT OPTIONS:
  Ents:
    :git: https://github.com/AbZorbaGames/Ents.git
    :tag: v3.1.9
  LKVCKit:
    :git: https://github.com/AbZorbaGames/LKVCKit.git
    :tag: v2.5
  RepresentationKit:
    :commit: 38197edc0bc471b76c92ca4fc8c9428fd2db41e8
    :git: https://github.com/AbZorbaGames/RepresentationKit.git

SPEC CHECKSUMS:
  Ents: c16cfc96cd67165292e247e788100170d61d8deb
  KVCDerivates: f1b7f18c4fdf9afd2e4b5ae30c3d64a294fd14ff
  LKVCKit: 83577d5947ebd85eea4aa6761b28de335259812f
  RepresentationKit: da5fcf3a2d93e399974108fb3afa2f67b25ebdfc

PODFILE CHECKSUM: 8ba13c726ad08c2d11e124b2545b3730d0fb0773

COCOAPODS: 1.16.2
